
Microsoft Visual Studio Solution File, Format Version 12.00
# Visual Studio Version 17
VisualStudioVersion = 17.5.002.0
MinimumVisualStudioVersion = 10.0.40219.1
Project("{9A19103F-16F7-4668-BE54-9A1E7A4F7556}") = "webapi", "webapi.csproj", "{36524662-B905-403C-A686-D456787CD958}"
EndProject
Global
	GlobalSection(SolutionConfigurationPlatforms) = preSolution
		Debug|Any CPU = Debug|Any CPU
		Release|Any CPU = Release|Any CPU
	EndGlobalSection
	GlobalSection(ProjectConfigurationPlatforms) = postSolution
		{36524662-B905-403C-A686-D456787CD958}.Debug|Any CPU.ActiveCfg = Debug|Any CPU
		{36524662-B905-403C-A686-D456787CD958}.Debug|Any CPU.Build.0 = Debug|Any CPU
		{36524662-B905-403C-A686-D456787CD958}.Release|Any CPU.ActiveCfg = Release|Any CPU
		{36524662-B905-403C-A686-D456787CD958}.Release|Any CPU.Build.0 = Release|Any CPU
	EndGlobalSection
	GlobalSection(SolutionProperties) = preSolution
		HideSolutionNode = FALSE
	EndGlobalSection
	GlobalSection(ExtensibilityGlobals) = postSolution
		SolutionGuid = {F3AF9747-5358-4D9A-99F8-67E49E4FDB95}
	EndGlobalSection
EndGlobal
